// !$*UTF8*$!
{
	archiveVersion = 1;
	classes = {
	};
	objectVersion = 55;
	objects = {

/* Begin PBXBuildFile section */
		D95794ED287280BB00B8F75B /* SettingCollectionViewController.swift in Sources */ = {isa = PBXBuildFile; fileRef = D95794EC287280BB00B8F75B /* SettingCollectionViewController.swift */; };
		D95794EF2872824700B8F75B /* HomeViewController.swift in Sources */ = {isa = PBXBuildFile; fileRef = D95794EE2872824700B8F75B /* HomeViewController.swift */; };
		D95794F12872825C00B8F75B /* GoalViewController.swift in Sources */ = {isa = PBXBuildFile; fileRef = D95794F02872825C00B8F75B /* GoalViewController.swift */; };
		D95794F42872857500B8F75B /* SettingItem.swift in Sources */ = {isa = PBXBuildFile; fileRef = D95794F32872857500B8F75B /* SettingItem.swift */; };
		D95794F728728E1500B8F75B /* SettingCollectionViewCell.swift in Sources */ = {isa = PBXBuildFile; fileRef = D95794F628728E1500B8F75B /* SettingCollectionViewCell.swift */; };
		D95794FA2872ADB600B8F75B /* UICollectionViewDiffableDataSource+ViewModel.swift in Sources */ = {isa = PBXBuildFile; fileRef = D95794F92872ADB600B8F75B /* UICollectionViewDiffableDataSource+ViewModel.swift */; };
		D968FFC22872709B00CE1E14 /* AppDelegate.swift in Sources */ = {isa = PBXBuildFile; fileRef = D968FFC12872709B00CE1E14 /* AppDelegate.swift */; };
		D968FFC42872709B00CE1E14 /* SceneDelegate.swift in Sources */ = {isa = PBXBuildFile; fileRef = D968FFC32872709B00CE1E14 /* SceneDelegate.swift */; };
		D968FFC92872709B00CE1E14 /* Main.storyboard in Resources */ = {isa = PBXBuildFile; fileRef = D968FFC72872709B00CE1E14 /* Main.storyboard */; };
		D968FFCB2872709D00CE1E14 /* Assets.xcassets in Resources */ = {isa = PBXBuildFile; fileRef = D968FFCA2872709D00CE1E14 /* Assets.xcassets */; };
		D968FFCE2872709D00CE1E14 /* LaunchScreen.storyboard in Resources */ = {isa = PBXBuildFile; fileRef = D968FFCC2872709D00CE1E14 /* LaunchScreen.storyboard */; };
/* End PBXBuildFile section */

/* Begin PBXFileReference section */
		D95794EC287280BB00B8F75B /* SettingCollectionViewController.swift */ = {isa = PBXFileReference; lastKnownFileType = sourcecode.swift; path = SettingCollectionViewController.swift; sourceTree = "<group>"; };
		D95794EE2872824700B8F75B /* HomeViewController.swift */ = {isa = PBXFileReference; lastKnownFileType = sourcecode.swift; path = HomeViewController.swift; sourceTree = "<group>"; };
		D95794F02872825C00B8F75B /* GoalViewController.swift */ = {isa = PBXFileReference; lastKnownFileType = sourcecode.swift; path = GoalViewController.swift; sourceTree = "<group>"; };
		D95794F32872857500B8F75B /* SettingItem.swift */ = {isa = PBXFileReference; lastKnownFileType = sourcecode.swift; path = SettingItem.swift; sourceTree = "<group>"; };
		D95794F628728E1500B8F75B /* SettingCollectionViewCell.swift */ = {isa = PBXFileReference; lastKnownFileType = sourcecode.swift; path = SettingCollectionViewCell.swift; sourceTree = "<group>"; };
		D95794F92872ADB600B8F75B /* UICollectionViewDiffableDataSource+ViewModel.swift */ = {isa = PBXFileReference; lastKnownFileType = sourcecode.swift; path = "UICollectionViewDiffableDataSource+ViewModel.swift"; sourceTree = "<group>"; };
		D968FFBE2872709B00CE1E14 /* TimeVisualiser.app */ = {isa = PBXFileReference; explicitFileType = wrapper.application; includeInIndex = 0; path = TimeVisualiser.app; sourceTree = BUILT_PRODUCTS_DIR; };
		D968FFC12872709B00CE1E14 /* AppDelegate.swift */ = {isa = PBXFileReference; lastKnownFileType = sourcecode.swift; path = AppDelegate.swift; sourceTree = "<group>"; };
		D968FFC32872709B00CE1E14 /* SceneDelegate.swift */ = {isa = PBXFileReference; lastKnownFileType = sourcecode.swift; path = SceneDelegate.swift; sourceTree = "<group>"; };
		D968FFC82872709B00CE1E14 /* Base */ = {isa = PBXFileReference; lastKnownFileType = file.storyboard; name = Base; path = Base.lproj/Main.storyboard; sourceTree = "<group>"; };
		D968FFCA2872709D00CE1E14 /* Assets.xcassets */ = {isa = PBXFileReference; lastKnownFileType = folder.assetcatalog; path = Assets.xcassets; sourceTree = "<group>"; };
		D968FFCD2872709D00CE1E14 /* Base */ = {isa = PBXFileReference; lastKnownFileType = file.storyboard; name = Base; path = Base.lproj/LaunchScreen.storyboard; sourceTree = "<group>"; };
		D968FFCF2872709D00CE1E14 /* Info.plist */ = {isa = PBXFileReference; lastKnownFileType = text.plist.xml; path = Info.plist; sourceTree = "<group>"; };
/* End PBXFileReference section */

/* Begin PBXFrameworksBuildPhase section */
		D968FFBB2872709B00CE1E14 /* Frameworks */ = {
			isa = PBXFrameworksBuildPhase;
			buildActionMask = 2147483647;
			files = (
			);
			runOnlyForDeploymentPostprocessing = 0;
		};
/* End PBXFrameworksBuildPhase section */

/* Begin PBXGroup section */
		D95794EB2872809D00B8F75B /* View Controllers */ = {
			isa = PBXGroup;
			children = (
				D95794EC287280BB00B8F75B /* SettingCollectionViewController.swift */,
				D95794EE2872824700B8F75B /* HomeViewController.swift */,
				D95794F02872825C00B8F75B /* GoalViewController.swift */,
			);
			path = "View Controllers";
			sourceTree = "<group>";
		};
		D95794F22872855900B8F75B /* Model */ = {
			isa = PBXGroup;
			children = (
				D95794F32872857500B8F75B /* SettingItem.swift */,
			);
			path = Model;
			sourceTree = "<group>";
		};
		D95794F528728DEF00B8F75B /* Views */ = {
			isa = PBXGroup;
			children = (
				D95794F628728E1500B8F75B /* SettingCollectionViewCell.swift */,
			);
			path = Views;
			sourceTree = "<group>";
		};
		D95794F82872A4E300B8F75B /* Extensions */ = {
			isa = PBXGroup;
			children = (
				D95794F92872ADB600B8F75B /* UICollectionViewDiffableDataSource+ViewModel.swift */,
			);
			path = Extensions;
			sourceTree = "<group>";
		};
		D968FFB52872709B00CE1E14 = {
			isa = PBXGroup;
			children = (
				D968FFC02872709B00CE1E14 /* TimeVisualiser */,
				D968FFBF2872709B00CE1E14 /* Products */,
			);
			sourceTree = "<group>";
		};
		D968FFBF2872709B00CE1E14 /* Products */ = {
			isa = PBXGroup;
			children = (
				D968FFBE2872709B00CE1E14 /* TimeVisualiser.app */,
			);
			name = Products;
			sourceTree = "<group>";
		};
		D968FFC02872709B00CE1E14 /* TimeVisualiser */ = {
			isa = PBXGroup;
			children = (
				D95794F82872A4E300B8F75B /* Extensions */,
				D95794F528728DEF00B8F75B /* Views */,
				D95794F22872855900B8F75B /* Model */,
				D95794EB2872809D00B8F75B /* View Controllers */,
				D968FFC12872709B00CE1E14 /* AppDelegate.swift */,
				D968FFC32872709B00CE1E14 /* SceneDelegate.swift */,
				D968FFC72872709B00CE1E14 /* Main.storyboard */,
				D968FFCA2872709D00CE1E14 /* Assets.xcassets */,
				D968FFCC2872709D00CE1E14 /* LaunchScreen.storyboard */,
				D968FFCF2872709D00CE1E14 /* Info.plist */,
			);
			path = TimeVisualiser;
			sourceTree = "<group>";
		};
/* End PBXGroup section */

/* Begin PBXNativeTarget section */
		D968FFBD2872709B00CE1E14 /* TimeVisualiser */ = {
			isa = PBXNativeTarget;
			buildConfigurationList = D968FFD22872709D00CE1E14 /* Build configuration list for PBXNativeTarget "TimeVisualiser" */;
			buildPhases = (
				D968FFBA2872709B00CE1E14 /* Sources */,
				D968FFBB2872709B00CE1E14 /* Frameworks */,
				D968FFBC2872709B00CE1E14 /* Resources */,
			);
			buildRules = (
			);
			dependencies = (
			);
			name = TimeVisualiser;
			productName = TimeVisualiser;
			productReference = D968FFBE2872709B00CE1E14 /* TimeVisualiser.app */;
			productType = "com.apple.product-type.application";
		};
/* End PBXNativeTarget section */

/* Begin PBXProject section */
		D968FFB62872709B00CE1E14 /* Project object */ = {
			isa = PBXProject;
			attributes = {
				BuildIndependentTargetsInParallel = 1;
				LastSwiftUpdateCheck = 1340;
				LastUpgradeCheck = 1340;
				TargetAttributes = {
					D968FFBD2872709B00CE1E14 = {
						CreatedOnToolsVersion = 13.4.1;
					};
				};
			};
			buildConfigurationList = D968FFB92872709B00CE1E14 /* Build configuration list for PBXProject "TimeVisualiser" */;
			compatibilityVersion = "Xcode 13.0";
			developmentRegion = en;
			hasScannedForEncodings = 0;
			knownRegions = (
				en,
				Base,
			);
			mainGroup = D968FFB52872709B00CE1E14;
			productRefGroup = D968FFBF2872709B00CE1E14 /* Products */;
			projectDirPath = "";
			projectRoot = "";
			targets = (
				D968FFBD2872709B00CE1E14 /* TimeVisualiser */,
			);
		};
/* End PBXProject section */

/* Begin PBXResourcesBuildPhase section */
		D968FFBC2872709B00CE1E14 /* Resources */ = {
			isa = PBXResourcesBuildPhase;
			buildActionMask = 2147483647;
			files = (
				D968FFCE2872709D00CE1E14 /* LaunchScreen.storyboard in Resources */,
				D968FFCB2872709D00CE1E14 /* Assets.xcassets in Resources */,
				D968FFC92872709B00CE1E14 /* Main.storyboard in Resources */,
			);
			runOnlyForDeploymentPostprocessing = 0;
		};
/* End PBXResourcesBuildPhase section */

/* Begin PBXSourcesBuildPhase section */
		D968FFBA2872709B00CE1E14 /* Sources */ = {
			isa = PBXSourcesBuildPhase;
			buildActionMask = 2147483647;
			files = (
				D95794F728728E1500B8F75B /* SettingCollectionViewCell.swift in Sources */,
				D95794FA2872ADB600B8F75B /* UICollectionViewDiffableDataSource+ViewModel.swift in Sources */,
				D95794ED287280BB00B8F75B /* SettingCollectionViewController.swift in Sources */,
				D95794F12872825C00B8F75B /* GoalViewController.swift in Sources */,
				D968FFC22872709B00CE1E14 /* AppDelegate.swift in Sources */,
				D968FFC42872709B00CE1E14 /* SceneDelegate.swift in Sources */,
				D95794EF2872824700B8F75B /* HomeViewController.swift in Sources */,
				D95794F42872857500B8F75B /* SettingItem.swift in Sources */,
			);
			runOnlyForDeploymentPostprocessing = 0;
		};
/* End PBXSourcesBuildPhase section */

/* Begin PBXVariantGroup section */
		D968FFC72872709B00CE1E14 /* Main.storyboard */ = {
			isa = PBXVariantGroup;
			children = (
				D968FFC82872709B00CE1E14 /* Base */,
			);
			name = Main.storyboard;
			sourceTree = "<group>";
		};
		D968FFCC2872709D00CE1E14 /* LaunchScreen.storyboard */ = {
			isa = PBXVariantGroup;
			children = (
				D968FFCD2872709D00CE1E14 /* Base */,
			);
			name = LaunchScreen.storyboard;
			sourceTree = "<group>";
		};
/* End PBXVariantGroup section */

/* Begin XCBuildConfiguration section */
		D968FFD02872709D00CE1E14 /* Debug */ = {
			isa = XCBuildConfiguration;
			buildSettings = {
				ALWAYS_SEARCH_USER_PATHS = NO;
				CLANG_ANALYZER_NONNULL = YES;
				CLANG_ANALYZER_NUMBER_OBJECT_CONVERSION = YES_AGGRESSIVE;
				CLANG_CXX_LANGUAGE_STANDARD = "gnu++17";
				CLANG_ENABLE_MODULES = YES;
				CLANG_ENABLE_OBJC_ARC = YES;
				CLANG_ENABLE_OBJC_WEAK = YES;
				CLANG_WARN_BLOCK_CAPTURE_AUTORELEASING = YES;
				CLANG_WARN_BOOL_CONVERSION = YES;
				CLANG_WARN_COMMA = YES;
				CLANG_WARN_CONSTANT_CONVERSION = YES;
				CLANG_WARN_DEPRECATED_OBJC_IMPLEMENTATIONS = YES;
				CLANG_WARN_DIRECT_OBJC_ISA_USAGE = YES_ERROR;
				CLANG_WARN_DOCUMENTATION_COMMENTS = YES;
				CLANG_WARN_EMPTY_BODY = YES;
				CLANG_WARN_ENUM_CONVERSION = YES;
				CLANG_WARN_INFINITE_RECURSION = YES;
				CLANG_WARN_INT_CONVERSION = YES;
				CLANG_WARN_NON_LITERAL_NULL_CONVERSION = YES;
				CLANG_WARN_OBJC_IMPLICIT_RETAIN_SELF = YES;
				CLANG_WARN_OBJC_LITERAL_CONVERSION = YES;
				CLANG_WARN_OBJC_ROOT_CLASS = YES_ERROR;
				CLANG_WARN_QUOTED_INCLUDE_IN_FRAMEWORK_HEADER = YES;
				CLANG_WARN_RANGE_LOOP_ANALYSIS = YES;
				CLANG_WARN_STRICT_PROTOTYPES = YES;
				CLANG_WARN_SUSPICIOUS_MOVE = YES;
				CLANG_WARN_UNGUARDED_AVAILABILITY = YES_AGGRESSIVE;
				CLANG_WARN_UNREACHABLE_CODE = YES;
				CLANG_WARN__DUPLICATE_METHOD_MATCH = YES;
				COPY_PHASE_STRIP = NO;
				DEBUG_INFORMATION_FORMAT = dwarf;
				ENABLE_STRICT_OBJC_MSGSEND = YES;
				ENABLE_TESTABILITY = YES;
				GCC_C_LANGUAGE_STANDARD = gnu11;
				GCC_DYNAMIC_NO_PIC = NO;
				GCC_NO_COMMON_BLOCKS = YES;
				GCC_OPTIMIZATION_LEVEL = 0;
				GCC_PREPROCESSOR_DEFINITIONS = (
					"DEBUG=1",
					"$(inherited)",
				);
				GCC_WARN_64_TO_32_BIT_CONVERSION = YES;
				GCC_WARN_ABOUT_RETURN_TYPE = YES_ERROR;
				GCC_WARN_UNDECLARED_SELECTOR = YES;
				GCC_WARN_UNINITIALIZED_AUTOS = YES_AGGRESSIVE;
				GCC_WARN_UNUSED_FUNCTION = YES;
				GCC_WARN_UNUSED_VARIABLE = YES;
				IPHONEOS_DEPLOYMENT_TARGET = 15.5;
				MTL_ENABLE_DEBUG_INFO = INCLUDE_SOURCE;
				MTL_FAST_MATH = YES;
				ONLY_ACTIVE_ARCH = YES;
				SDKROOT = iphoneos;
				SWIFT_ACTIVE_COMPILATION_CONDITIONS = DEBUG;
				SWIFT_OPTIMIZATION_LEVEL = "-Onone";
			};
			name = Debug;
		};
		D968FFD12872709D00CE1E14 /* Release */ = {
			isa = XCBuildConfiguration;
			buildSettings = {
				ALWAYS_SEARCH_USER_PATHS = NO;
				CLANG_ANALYZER_NONNULL = YES;
				CLANG_ANALYZER_NUMBER_OBJECT_CONVERSION = YES_AGGRESSIVE;
				CLANG_CXX_LANGUAGE_STANDARD = "gnu++17";
				CLANG_ENABLE_MODULES = YES;
				CLANG_ENABLE_OBJC_ARC = YES;
				CLANG_ENABLE_OBJC_WEAK = YES;
				CLANG_WARN_BLOCK_CAPTURE_AUTORELEASING = YES;
				CLANG_WARN_BOOL_CONVERSION = YES;
				CLANG_WARN_COMMA = YES;
				CLANG_WARN_CONSTANT_CONVERSION = YES;
				CLANG_WARN_DEPRECATED_OBJC_IMPLEMENTATIONS = YES;
				CLANG_WARN_DIRECT_OBJC_ISA_USAGE = YES_ERROR;
				CLANG_WARN_DOCUMENTATION_COMMENTS = YES;
				CLANG_WARN_EMPTY_BODY = YES;
				CLANG_WARN_ENUM_CONVERSION = YES;
				CLANG_WARN_INFINITE_RECURSION = YES;
				CLANG_WARN_INT_CONVERSION = YES;
				CLANG_WARN_NON_LITERAL_NULL_CONVERSION = YES;
				CLANG_WARN_OBJC_IMPLICIT_RETAIN_SELF = YES;
				CLANG_WARN_OBJC_LITERAL_CONVERSION = YES;
				CLANG_WARN_OBJC_ROOT_CLASS = YES_ERROR;
				CLANG_WARN_QUOTED_INCLUDE_IN_FRAMEWORK_HEADER = YES;
				CLANG_WARN_RANGE_LOOP_ANALYSIS = YES;
				CLANG_WARN_STRICT_PROTOTYPES = YES;
				CLANG_WARN_SUSPICIOUS_MOVE = YES;
				CLANG_WARN_UNGUARDED_AVAILABILITY = YES_AGGRESSIVE;
				CLANG_WARN_UNREACHABLE_CODE = YES;
				CLANG_WARN__DUPLICATE_METHOD_MATCH = YES;
				COPY_PHASE_STRIP = NO;
				DEBUG_INFORMATION_FORMAT = "dwarf-with-dsym";
				ENABLE_NS_ASSERTIONS = NO;
				ENABLE_STRICT_OBJC_MSGSEND = YES;
				GCC_C_LANGUAGE_STANDARD = gnu11;
				GCC_NO_COMMON_BLOCKS = YES;
				GCC_WARN_64_TO_32_BIT_CONVERSION = YES;
				GCC_WARN_ABOUT_RETURN_TYPE = YES_ERROR;
				GCC_WARN_UNDECLARED_SELECTOR = YES;
				GCC_WARN_UNINITIALIZED_AUTOS = YES_AGGRESSIVE;
				GCC_WARN_UNUSED_FUNCTION = YES;
				GCC_WARN_UNUSED_VARIABLE = YES;
				IPHONEOS_DEPLOYMENT_TARGET = 15.5;
				MTL_ENABLE_DEBUG_INFO = NO;
				MTL_FAST_MATH = YES;
				SDKROOT = iphoneos;
				SWIFT_COMPILATION_MODE = wholemodule;
				SWIFT_OPTIMIZATION_LEVEL = "-O";
				VALIDATE_PRODUCT = YES;
			};
			name = Release;
		};
		D968FFD32872709D00CE1E14 /* Debug */ = {
			isa = XCBuildConfiguration;
			buildSettings = {
				ASSETCATALOG_COMPILER_APPICON_NAME = AppIcon;
				ASSETCATALOG_COMPILER_GLOBAL_ACCENT_COLOR_NAME = AccentColor;
				CODE_SIGN_STYLE = Automatic;
				CURRENT_PROJECT_VERSION = 1;
				GENERATE_INFOPLIST_FILE = YES;
				INFOPLIST_FILE = TimeVisualiser/Info.plist;
				INFOPLIST_KEY_UIApplicationSupportsIndirectInputEvents = YES;
				INFOPLIST_KEY_UILaunchStoryboardName = LaunchScreen;
				INFOPLIST_KEY_UIMainStoryboardFile = Main;
				INFOPLIST_KEY_UISupportedInterfaceOrientations_iPad = "UIInterfaceOrientationPortrait UIInterfaceOrientationPortraitUpsideDown UIInterfaceOrientationLandscapeLeft UIInterfaceOrientationLandscapeRight";
				INFOPLIST_KEY_UISupportedInterfaceOrientations_iPhone = "UIInterfaceOrientationPortrait UIInterfaceOrientationLandscapeLeft UIInterfaceOrientationLandscapeRight";
				LD_RUNPATH_SEARCH_PATHS = (
					"$(inherited)",
					"@executable_path/Frameworks",
				);
				MARKETING_VERSION = 1.0;
				PRODUCT_BUNDLE_IDENTIFIER = com.example.TimeVisualiser;
				PRODUCT_NAME = "$(TARGET_NAME)";
				SWIFT_EMIT_LOC_STRINGS = YES;
				SWIFT_VERSION = 5.0;
				TARGETED_DEVICE_FAMILY = "1,2";
			};
			name = Debug;
		};
		D968FFD42872709D00CE1E14 /* Release */ = {
			isa = XCBuildConfiguration;
			buildSettings = {
				ASSETCATALOG_COMPILER_APPICON_NAME = AppIcon;
				ASSETCATALOG_COMPILER_GLOBAL_ACCENT_COLOR_NAME = AccentColor;
				CODE_SIGN_STYLE = Automatic;
				CURRENT_PROJECT_VERSION = 1;
				GENERATE_INFOPLIST_FILE = YES;
				INFOPLIST_FILE = TimeVisualiser/Info.plist;
				INFOPLIST_KEY_UIApplicationSupportsIndirectInputEvents = YES;
				INFOPLIST_KEY_UILaunchStoryboardName = LaunchScreen;
				INFOPLIST_KEY_UIMainStoryboardFile = Main;
				INFOPLIST_KEY_UISupportedInterfaceOrientations_iPad = "UIInterfaceOrientationPortrait UIInterfaceOrientationPortraitUpsideDown UIInterfaceOrientationLandscapeLeft UIInterfaceOrientationLandscapeRight";
				INFOPLIST_KEY_UISupportedInterfaceOrientations_iPhone = "UIInterfaceOrientationPortrait UIInterfaceOrientationLandscapeLeft UIInterfaceOrientationLandscapeRight";
				LD_RUNPATH_SEARCH_PATHS = (
					"$(inherited)",
					"@executable_path/Frameworks",
				);
				MARKETING_VERSION = 1.0;
				PRODUCT_BUNDLE_IDENTIFIER = com.example.TimeVisualiser;
				PRODUCT_NAME = "$(TARGET_NAME)";
				SWIFT_EMIT_LOC_STRINGS = YES;
				SWIFT_VERSION = 5.0;
				TARGETED_DEVICE_FAMILY = "1,2";
			};
			name = Release;
		};
/* End XCBuildConfiguration section */

/* Begin XCConfigurationList section */
		D968FFB92872709B00CE1E14 /* Build configuration list for PBXProject "TimeVisualiser" */ = {
			isa = XCConfigurationList;
			buildConfigurations = (
				D968FFD02872709D00CE1E14 /* Debug */,
				D968FFD12872709D00CE1E14 /* Release */,
			);
			defaultConfigurationIsVisible = 0;
			defaultConfigurationName = Release;
		};
		D968FFD22872709D00CE1E14 /* Build configuration list for PBXNativeTarget "TimeVisualiser" */ = {
			isa = XCConfigurationList;
			buildConfigurations = (
				D968FFD32872709D00CE1E14 /* Debug */,
				D968FFD42872709D00CE1E14 /* Release */,
			);
			defaultConfigurationIsVisible = 0;
			defaultConfigurationName = Release;
		};
/* End XCConfigurationList section */
	};
	rootObject = D968FFB62872709B00CE1E14 /* Project object */;
}
